
Microsoft Visual Studio Solution File, Format Version 12.00
Project("{FAE04EC0-301F-11D3-BF4B-00C04F79EFBC}") = "FlexZon.CategoryService.Api", "src\FlexZon.CategoryService.Api\FlexZon.CategoryService.Api.csproj", "{081B73B3-EABE-4467-9755-FE1F54711B2E}"
EndProject
Project("{FAE04EC0-301F-11D3-BF4B-00C04F79EFBC}") = "FlexZon.CategoryService.Application", "src\FlexZon.CategoryService.Application\FlexZon.CategoryService.Application.csproj", "{B41C4970-6C7B-4F42-ACC1-B2C233EACAB7}"
EndProject
Project("{FAE04EC0-301F-11D3-BF4B-00C04F79EFBC}") = "FlexZon.CategoryService.Contract", "src\FlexZon.CategoryService.Contract\FlexZon.CategoryService.Contract.csproj", "{120BF577-C522-4093-AFFD-4C2D53016E24}"
EndProject
Global
	GlobalSection(SolutionConfigurationPlatforms) = preSolution
		Debug|Any CPU = Debug|Any CPU
		Release|Any CPU = Release|Any CPU
	EndGlobalSection
	GlobalSection(ProjectConfigurationPlatforms) = postSolution
		{081B73B3-EABE-4467-9755-FE1F54711B2E}.Debug|Any CPU.ActiveCfg = Debug|Any CPU
		{081B73B3-EABE-4467-9755-FE1F54711B2E}.Debug|Any CPU.Build.0 = Debug|Any CPU
		{081B73B3-EABE-4467-9755-FE1F54711B2E}.Release|Any CPU.ActiveCfg = Release|Any CPU
		{081B73B3-EABE-4467-9755-FE1F54711B2E}.Release|Any CPU.Build.0 = Release|Any CPU
		{B41C4970-6C7B-4F42-ACC1-B2C233EACAB7}.Debug|Any CPU.ActiveCfg = Debug|Any CPU
		{B41C4970-6C7B-4F42-ACC1-B2C233EACAB7}.Debug|Any CPU.Build.0 = Debug|Any CPU
		{B41C4970-6C7B-4F42-ACC1-B2C233EACAB7}.Release|Any CPU.ActiveCfg = Release|Any CPU
		{B41C4970-6C7B-4F42-ACC1-B2C233EACAB7}.Release|Any CPU.Build.0 = Release|Any CPU
		{120BF577-C522-4093-AFFD-4C2D53016E24}.Debug|Any CPU.ActiveCfg = Debug|Any CPU
		{120BF577-C522-4093-AFFD-4C2D53016E24}.Debug|Any CPU.Build.0 = Debug|Any CPU
		{120BF577-C522-4093-AFFD-4C2D53016E24}.Release|Any CPU.ActiveCfg = Release|Any CPU
		{120BF577-C522-4093-AFFD-4C2D53016E24}.Release|Any CPU.Build.0 = Release|Any CPU
	EndGlobalSection
EndGlobal
